
Microsoft Visual Studio Solution File, Format Version 12.00
Project("{FAE04EC0-301F-11D3-BF4B-00C04F79EFBC}") = "MovieCompulsory", "MovieCompulsory\MovieCompulsory.csproj", "{AC0F06D2-D5C5-4ECC-83E0-62B89801092E}"
EndProject
Global
	GlobalSection(SolutionConfigurationPlatforms) = preSolution
		Debug|Any CPU = Debug|Any CPU
		Release|Any CPU = Release|Any CPU
	EndGlobalSection
	GlobalSection(ProjectConfigurationPlatforms) = postSolution
		{AC0F06D2-D5C5-4ECC-83E0-62B89801092E}.Debug|Any CPU.ActiveCfg = Debug|Any CPU
		{AC0F06D2-D5C5-4ECC-83E0-62B89801092E}.Debug|Any CPU.Build.0 = Debug|Any CPU
		{AC0F06D2-D5C5-4ECC-83E0-62B89801092E}.Release|Any CPU.ActiveCfg = Release|Any CPU
		{AC0F06D2-D5C5-4ECC-83E0-62B89801092E}.Release|Any CPU.Build.0 = Release|Any CPU
	EndGlobalSection
EndGlobal
