
Microsoft Visual Studio Solution File, Format Version 12.00
Project("{2150E333-8FDC-42A3-9474-1A3956D46DE8}") = "MovieCompulsory.Infrastrucutre", "MovieCompulsory.Infrastrucutre", "{675046C6-52D8-4A15-A719-4F601F138C8D}"
EndProject
Project("{FAE04EC0-301F-11D3-BF4B-00C04F79EFBC}") = "MovieCompulsory.DataJson", "MovieCompulsory.DataJson\MovieCompulsory.DataJson.csproj", "{14413BD0-7F97-42DC-A958-907C28EE41A1}"
EndProject
Global
	GlobalSection(SolutionConfigurationPlatforms) = preSolution
		Debug|Any CPU = Debug|Any CPU
		Release|Any CPU = Release|Any CPU
	EndGlobalSection
	GlobalSection(ProjectConfigurationPlatforms) = postSolution
		{14413BD0-7F97-42DC-A958-907C28EE41A1}.Debug|Any CPU.ActiveCfg = Debug|Any CPU
		{14413BD0-7F97-42DC-A958-907C28EE41A1}.Debug|Any CPU.Build.0 = Debug|Any CPU
		{14413BD0-7F97-42DC-A958-907C28EE41A1}.Release|Any CPU.ActiveCfg = Release|Any CPU
		{14413BD0-7F97-42DC-A958-907C28EE41A1}.Release|Any CPU.Build.0 = Release|Any CPU
	EndGlobalSection
	GlobalSection(NestedProjects) = preSolution
		{14413BD0-7F97-42DC-A958-907C28EE41A1} = {675046C6-52D8-4A15-A719-4F601F138C8D}
	EndGlobalSection
EndGlobal
